
Microsoft Visual Studio Solution File, Format Version 12.00
# Visual Studio Version 17
VisualStudioVersion = 17.11.35222.181
MinimumVisualStudioVersion = 10.0.40219.1
Project("{8BC9CEB8-8B4A-11D0-8D11-00A0C91BC942}") = "2024.09.28_HW2", "2024.09.28_HW2\2024.09.28_HW2.vcxproj", "{2DA23D8A-0EED-4DEF-B43C-3EB645B65A7B}"
EndProject
Global
	GlobalSection(SolutionConfigurationPlatforms) = preSolution
		Debug|x64 = Debug|x64
		Debug|x86 = Debug|x86
		Release|x64 = Release|x64
		Release|x86 = Release|x86
	EndGlobalSection
	GlobalSection(ProjectConfigurationPlatforms) = postSolution
		{2DA23D8A-0EED-4DEF-B43C-3EB645B65A7B}.Debug|x64.ActiveCfg = Debug|x64
		{2DA23D8A-0EED-4DEF-B43C-3EB645B65A7B}.Debug|x64.Build.0 = Debug|x64
		{2DA23D8A-0EED-4DEF-B43C-3EB645B65A7B}.Debug|x86.ActiveCfg = Debug|Win32
		{2DA23D8A-0EED-4DEF-B43C-3EB645B65A7B}.Debug|x86.Build.0 = Debug|Win32
		{2DA23D8A-0EED-4DEF-B43C-3EB645B65A7B}.Release|x64.ActiveCfg = Release|x64
		{2DA23D8A-0EED-4DEF-B43C-3EB645B65A7B}.Release|x64.Build.0 = Release|x64
		{2DA23D8A-0EED-4DEF-B43C-3EB645B65A7B}.Release|x86.ActiveCfg = Release|Win32
		{2DA23D8A-0EED-4DEF-B43C-3EB645B65A7B}.Release|x86.Build.0 = Release|Win32
	EndGlobalSection
	GlobalSection(SolutionProperties) = preSolution
		HideSolutionNode = FALSE
	EndGlobalSection
	GlobalSection(ExtensibilityGlobals) = postSolution
		SolutionGuid = {3B5C25C6-1FCC-4C68-A2B2-B07D706222DF}
	EndGlobalSection
EndGlobal
