
Microsoft Visual Studio Solution File, Format Version 12.00
# Visual Studio Version 17
VisualStudioVersion = 17.11.35222.181
MinimumVisualStudioVersion = 10.0.40219.1
Project("{8BC9CEB8-8B4A-11D0-8D11-00A0C91BC942}") = "2024.11.03_HW5", "2024.11.03_HW5\2024.11.03_HW5.vcxproj", "{C3B2DA5E-C3AC-49AD-899C-E3EE956E1070}"
EndProject
Project("{8BC9CEB8-8B4A-11D0-8D11-00A0C91BC942}") = "Project1", "Project1\Project1.vcxproj", "{C10A38C4-F1A8-4773-B517-159CCD3B308D}"
EndProject
Global
	GlobalSection(SolutionConfigurationPlatforms) = preSolution
		Debug|x64 = Debug|x64
		Debug|x86 = Debug|x86
		Release|x64 = Release|x64
		Release|x86 = Release|x86
	EndGlobalSection
	GlobalSection(ProjectConfigurationPlatforms) = postSolution
		{C3B2DA5E-C3AC-49AD-899C-E3EE956E1070}.Debug|x64.ActiveCfg = Debug|x64
		{C3B2DA5E-C3AC-49AD-899C-E3EE956E1070}.Debug|x64.Build.0 = Debug|x64
		{C3B2DA5E-C3AC-49AD-899C-E3EE956E1070}.Debug|x86.ActiveCfg = Debug|Win32
		{C3B2DA5E-C3AC-49AD-899C-E3EE956E1070}.Debug|x86.Build.0 = Debug|Win32
		{C3B2DA5E-C3AC-49AD-899C-E3EE956E1070}.Release|x64.ActiveCfg = Release|x64
		{C3B2DA5E-C3AC-49AD-899C-E3EE956E1070}.Release|x64.Build.0 = Release|x64
		{C3B2DA5E-C3AC-49AD-899C-E3EE956E1070}.Release|x86.ActiveCfg = Release|Win32
		{C3B2DA5E-C3AC-49AD-899C-E3EE956E1070}.Release|x86.Build.0 = Release|Win32
		{C10A38C4-F1A8-4773-B517-159CCD3B308D}.Debug|x64.ActiveCfg = Debug|x64
		{C10A38C4-F1A8-4773-B517-159CCD3B308D}.Debug|x64.Build.0 = Debug|x64
		{C10A38C4-F1A8-4773-B517-159CCD3B308D}.Debug|x86.ActiveCfg = Debug|Win32
		{C10A38C4-F1A8-4773-B517-159CCD3B308D}.Debug|x86.Build.0 = Debug|Win32
		{C10A38C4-F1A8-4773-B517-159CCD3B308D}.Release|x64.ActiveCfg = Release|x64
		{C10A38C4-F1A8-4773-B517-159CCD3B308D}.Release|x64.Build.0 = Release|x64
		{C10A38C4-F1A8-4773-B517-159CCD3B308D}.Release|x86.ActiveCfg = Release|Win32
		{C10A38C4-F1A8-4773-B517-159CCD3B308D}.Release|x86.Build.0 = Release|Win32
	EndGlobalSection
	GlobalSection(SolutionProperties) = preSolution
		HideSolutionNode = FALSE
	EndGlobalSection
	GlobalSection(ExtensibilityGlobals) = postSolution
		SolutionGuid = {C4D3CABF-8DA9-43CC-A1F9-4022DB73558F}
	EndGlobalSection
EndGlobal
